
Microsoft Visual Studio Solution File, Format Version 12.00
# Visual Studio 14
Project("{8BC9CEB8-8B4A-11D0-8D11-00A0C91BC942}") = "CircleFileTest", "CircleFileTest\CircleFileTest.vcxproj", "{3293A753-D72F-4C85-96FB-0D155405BE7D}"
EndProject
Global
	GlobalSection(SolutionConfigurationPlatforms) = preSolution
		Debug|Win32 = Debug|Win32
		Release|Win32 = Release|Win32
	EndGlobalSection
	GlobalSection(ProjectConfigurationPlatforms) = postSolution
		{3293A753-D72F-4C85-96FB-0D155405BE7D}.Debug|Win32.ActiveCfg = Debug|Win32
		{3293A753-D72F-4C85-96FB-0D155405BE7D}.Debug|Win32.Build.0 = Debug|Win32
		{3293A753-D72F-4C85-96FB-0D155405BE7D}.Release|Win32.ActiveCfg = Release|Win32
		{3293A753-D72F-4C85-96FB-0D155405BE7D}.Release|Win32.Build.0 = Release|Win32
	EndGlobalSection
	GlobalSection(SolutionProperties) = preSolution
		HideSolutionNode = FALSE
	EndGlobalSection
EndGlobal
