
Microsoft Visual Studio Solution File, Format Version 11.00
# Visual Studio 14
Project("{8BC9CEB8-8B4A-11D0-8D11-00A0C91BC942}") = "ScrollTest", "ScrollTest\ScrollTest.vcxproj", "{188751F2-C158-4925-934D-396727C941F2}"
EndProject
Global
	GlobalSection(SolutionConfigurationPlatforms) = preSolution
		Debug|Win32 = Debug|Win32
		Release|Win32 = Release|Win32
	EndGlobalSection
	GlobalSection(ProjectConfigurationPlatforms) = postSolution
		{188751F2-C158-4925-934D-396727C941F2}.Debug|Win32.ActiveCfg = Debug|Win32
		{188751F2-C158-4925-934D-396727C941F2}.Debug|Win32.Build.0 = Debug|Win32
		{188751F2-C158-4925-934D-396727C941F2}.Release|Win32.ActiveCfg = Release|Win32
		{188751F2-C158-4925-934D-396727C941F2}.Release|Win32.Build.0 = Release|Win32
	EndGlobalSection
	GlobalSection(SolutionProperties) = preSolution
		HideSolutionNode = FALSE
	EndGlobalSection
EndGlobal
