
Microsoft Visual Studio Solution File, Format Version 11.00
# Visual Studio 2010
Project("{8BC9CEB8-8B4A-11D0-8D11-00A0C91BC942}") = "Engine", "Engine\Engine.vcxproj", "{A19DF256-7B6A-4191-B02C-BE8F3F6CBA3F}"
EndProject
Global
	GlobalSection(SolutionConfigurationPlatforms) = preSolution
		Debug|Win32 = Debug|Win32
		Release|Win32 = Release|Win32
	EndGlobalSection
	GlobalSection(ProjectConfigurationPlatforms) = postSolution
		{A19DF256-7B6A-4191-B02C-BE8F3F6CBA3F}.Debug|Win32.ActiveCfg = Debug|Win32
		{A19DF256-7B6A-4191-B02C-BE8F3F6CBA3F}.Debug|Win32.Build.0 = Debug|Win32
		{A19DF256-7B6A-4191-B02C-BE8F3F6CBA3F}.Release|Win32.ActiveCfg = Release|Win32
		{A19DF256-7B6A-4191-B02C-BE8F3F6CBA3F}.Release|Win32.Build.0 = Release|Win32
	EndGlobalSection
	GlobalSection(SolutionProperties) = preSolution
		HideSolutionNode = FALSE
	EndGlobalSection
EndGlobal
