Microsoft Visual Studio Solution File, Format Version 12.00
# Visual Studio 14
Project("{8BC9CEB8-8B4A-11D0-8D11-00A0C91BC942}") = "Controls", "Controls\Controls.vcxproj", "{722A3257-4C2F-4662-825C-109B1BA2379A}"
EndProject
Global
	GlobalSection(SolutionConfigurationPlatforms) = preSolution
		Debug|Win32 = Debug|Win32
		Release|Win32 = Release|Win32
	EndGlobalSection
	GlobalSection(ProjectConfigurationPlatforms) = postSolution
		{722A3257-4C2F-4662-825C-109B1BA2379A}.Debug|Win32.ActiveCfg = Debug|Win32
		{722A3257-4C2F-4662-825C-109B1BA2379A}.Debug|Win32.Build.0 = Debug|Win32
		{722A3257-4C2F-4662-825C-109B1BA2379A}.Release|Win32.ActiveCfg = Release|Win32
		{722A3257-4C2F-4662-825C-109B1BA2379A}.Release|Win32.Build.0 = Release|Win32
	EndGlobalSection
	GlobalSection(SolutionProperties) = preSolution
		HideSolutionNode = FALSE
	EndGlobalSection
EndGlobal
